
Microsoft Visual Studio Solution File, Format Version 12.00
Project("{FAE04EC0-301F-11D3-BF4B-00C04F79EFBC}") = "Deasciifier", "Deasciifier\Deasciifier.csproj", "{063D2388-84D5-4F7F-9DC3-F0DD7BB29D91}"
EndProject
Project("{FAE04EC0-301F-11D3-BF4B-00C04F79EFBC}") = "Test", "Test\Test.csproj", "{18B84B18-F618-497B-BC3F-7885A74C0A87}"
EndProject
Global
	GlobalSection(SolutionConfigurationPlatforms) = preSolution
		Debug|Any CPU = Debug|Any CPU
		Release|Any CPU = Release|Any CPU
	EndGlobalSection
	GlobalSection(ProjectConfigurationPlatforms) = postSolution
		{063D2388-84D5-4F7F-9DC3-F0DD7BB29D91}.Debug|Any CPU.ActiveCfg = Debug|Any CPU
		{063D2388-84D5-4F7F-9DC3-F0DD7BB29D91}.Debug|Any CPU.Build.0 = Debug|Any CPU
		{063D2388-84D5-4F7F-9DC3-F0DD7BB29D91}.Release|Any CPU.ActiveCfg = Release|Any CPU
		{063D2388-84D5-4F7F-9DC3-F0DD7BB29D91}.Release|Any CPU.Build.0 = Release|Any CPU
		{18B84B18-F618-497B-BC3F-7885A74C0A87}.Debug|Any CPU.ActiveCfg = Debug|Any CPU
		{18B84B18-F618-497B-BC3F-7885A74C0A87}.Debug|Any CPU.Build.0 = Debug|Any CPU
		{18B84B18-F618-497B-BC3F-7885A74C0A87}.Release|Any CPU.ActiveCfg = Release|Any CPU
		{18B84B18-F618-497B-BC3F-7885A74C0A87}.Release|Any CPU.Build.0 = Release|Any CPU
	EndGlobalSection
EndGlobal
